# THIS IS AN AUTOGENERATED FILE. DO NOT EDIT THIS FILE DIRECTLY.
# yarn lockfile v1


"@naaytesting/isok@1.0.0":
  version "1.0.0"
  resolved "https://npm.pkg.github.com/download/@naaytesting/isok/1.0.0/17dfc11b0c0e1813f222e53d063625914326cd4d89b5aceca9b01a89e0b4521a#7575432de2ae9d9d041324275b82f3c8a7076ed1"
  integrity sha512-I/MpQ10GdYZv7OLXKEXl2YBe/9pTqfp3iGazIpNYtao+HR5DKnLOLdSotl5vnvmD4qg5/XPOsvA4rb8rEaCKOA==
